
Microsoft Visual Studio Solution File, Format Version 12.00
# Visual Studio Version 17
VisualStudioVersion = 17.12.35527.113 d17.12
MinimumVisualStudioVersion = 10.0.40219.1
Project("{FAE04EC0-301F-11D3-BF4B-00C04F79EFBC}") = "DotNetBankingAppExperience", "DotNetBankingAppExperience\DotNetBankingAppExperience.csproj", "{F28B3146-670C-4338-8EFA-A11A8D13DFEB}"
EndProject
Global
	GlobalSection(SolutionConfigurationPlatforms) = preSolution
		Debug|Any CPU = Debug|Any CPU
		Release|Any CPU = Release|Any CPU
	EndGlobalSection
	GlobalSection(ProjectConfigurationPlatforms) = postSolution
		{F28B3146-670C-4338-8EFA-A11A8D13DFEB}.Debug|Any CPU.ActiveCfg = Debug|Any CPU
		{F28B3146-670C-4338-8EFA-A11A8D13DFEB}.Debug|Any CPU.Build.0 = Debug|Any CPU
		{F28B3146-670C-4338-8EFA-A11A8D13DFEB}.Release|Any CPU.ActiveCfg = Release|Any CPU
		{F28B3146-670C-4338-8EFA-A11A8D13DFEB}.Release|Any CPU.Build.0 = Release|Any CPU
	EndGlobalSection
	GlobalSection(SolutionProperties) = preSolution
		HideSolutionNode = FALSE
	EndGlobalSection
EndGlobal
